
Microsoft Visual Studio Solution File, Format Version 12.00
# Visual Studio Version 17
VisualStudioVersion = 17.11.35312.102
MinimumVisualStudioVersion = 10.0.40219.1
Project("{9A19103F-16F7-4668-BE54-9A1E7A4F7556}") = "dotNETassignment1", "dotNET Assignment 1\dotNETassignment1.csproj", "{2DD3C146-7009-4371-824B-A37066108A96}"
EndProject
Global
	GlobalSection(SolutionConfigurationPlatforms) = preSolution
		Debug|Any CPU = Debug|Any CPU
		Release|Any CPU = Release|Any CPU
	EndGlobalSection
	GlobalSection(ProjectConfigurationPlatforms) = postSolution
		{2DD3C146-7009-4371-824B-A37066108A96}.Debug|Any CPU.ActiveCfg = Debug|Any CPU
		{2DD3C146-7009-4371-824B-A37066108A96}.Debug|Any CPU.Build.0 = Debug|Any CPU
		{2DD3C146-7009-4371-824B-A37066108A96}.Release|Any CPU.ActiveCfg = Release|Any CPU
		{2DD3C146-7009-4371-824B-A37066108A96}.Release|Any CPU.Build.0 = Release|Any CPU
	EndGlobalSection
	GlobalSection(SolutionProperties) = preSolution
		HideSolutionNode = FALSE
	EndGlobalSection
	GlobalSection(ExtensibilityGlobals) = postSolution
		SolutionGuid = {0F445916-82E7-427D-8116-6AEC87412541}
	EndGlobalSection
EndGlobal
